
Microsoft Visual Studio Solution File, Format Version 12.00
# Visual Studio Version 17
VisualStudioVersion = 17.10.35027.167
MinimumVisualStudioVersion = 10.0.40219.1
Project("{FAE04EC0-301F-11D3-BF4B-00C04F79EFBC}") = "20240724_Hello_World", "..\20240724_Hello_World\20240724_Hello_World\20240724_Hello_World.csproj", "{30436128-F8D0-4F7D-A9D6-A5350172D18D}"
EndProject
Project("{FAE04EC0-301F-11D3-BF4B-00C04F79EFBC}") = "20240726_Calculator", "..\20240726_Calculator\20240726_Calculator\20240726_Calculator.csproj", "{DDC88A5D-B81B-4916-8629-D18D26C294DE}"
EndProject
Global
	GlobalSection(SolutionConfigurationPlatforms) = preSolution
		Debug|Any CPU = Debug|Any CPU
		Release|Any CPU = Release|Any CPU
	EndGlobalSection
	GlobalSection(ProjectConfigurationPlatforms) = postSolution
		{30436128-F8D0-4F7D-A9D6-A5350172D18D}.Debug|Any CPU.ActiveCfg = Debug|Any CPU
		{30436128-F8D0-4F7D-A9D6-A5350172D18D}.Debug|Any CPU.Build.0 = Debug|Any CPU
		{30436128-F8D0-4F7D-A9D6-A5350172D18D}.Release|Any CPU.ActiveCfg = Release|Any CPU
		{30436128-F8D0-4F7D-A9D6-A5350172D18D}.Release|Any CPU.Build.0 = Release|Any CPU
		{DDC88A5D-B81B-4916-8629-D18D26C294DE}.Debug|Any CPU.ActiveCfg = Debug|Any CPU
		{DDC88A5D-B81B-4916-8629-D18D26C294DE}.Debug|Any CPU.Build.0 = Debug|Any CPU
		{DDC88A5D-B81B-4916-8629-D18D26C294DE}.Release|Any CPU.ActiveCfg = Release|Any CPU
		{DDC88A5D-B81B-4916-8629-D18D26C294DE}.Release|Any CPU.Build.0 = Release|Any CPU
	EndGlobalSection
	GlobalSection(SolutionProperties) = preSolution
		HideSolutionNode = FALSE
	EndGlobalSection
	GlobalSection(ExtensibilityGlobals) = postSolution
		SolutionGuid = {375A1A10-0FA6-4EFE-A3D2-B9E00A5DDA90}
	EndGlobalSection
EndGlobal
