
Microsoft Visual Studio Solution File, Format Version 12.00
# Visual Studio Version 17
VisualStudioVersion = 17.11.35303.130
MinimumVisualStudioVersion = 10.0.40219.1
Project("{FAE04EC0-301F-11D3-BF4B-00C04F79EFBC}") = "20240917_Calculator_V4.0", "20240917_Calculator_V4.0\20240917_Calculator_V4.0.csproj", "{C057DB5D-3E5B-42E8-8492-07896743148A}"
EndProject
Global
	GlobalSection(SolutionConfigurationPlatforms) = preSolution
		Debug|Any CPU = Debug|Any CPU
		Release|Any CPU = Release|Any CPU
	EndGlobalSection
	GlobalSection(ProjectConfigurationPlatforms) = postSolution
		{C057DB5D-3E5B-42E8-8492-07896743148A}.Debug|Any CPU.ActiveCfg = Debug|Any CPU
		{C057DB5D-3E5B-42E8-8492-07896743148A}.Debug|Any CPU.Build.0 = Debug|Any CPU
		{C057DB5D-3E5B-42E8-8492-07896743148A}.Release|Any CPU.ActiveCfg = Release|Any CPU
		{C057DB5D-3E5B-42E8-8492-07896743148A}.Release|Any CPU.Build.0 = Release|Any CPU
	EndGlobalSection
	GlobalSection(SolutionProperties) = preSolution
		HideSolutionNode = FALSE
	EndGlobalSection
	GlobalSection(ExtensibilityGlobals) = postSolution
		SolutionGuid = {798879FF-4EF4-4397-A679-92DD978D6031}
	EndGlobalSection
EndGlobal
